
Microsoft Visual Studio Solution File, Format Version 12.00
# Visual Studio Version 17
VisualStudioVersion = 17.8.34525.116
MinimumVisualStudioVersion = 10.0.40219.1
Project("{FAE04EC0-301F-11D3-BF4B-00C04F79EFBC}") = "LeftHandersRightHandersAndAmbidexters", "LeftHandersRightHandersAndAmbidexters\LeftHandersRightHandersAndAmbidexters.csproj", "{5EDF0BAE-FC04-483F-89C3-C7349CF50EFE}"
EndProject
Global
	GlobalSection(SolutionConfigurationPlatforms) = preSolution
		Debug|Any CPU = Debug|Any CPU
		Release|Any CPU = Release|Any CPU
	EndGlobalSection
	GlobalSection(ProjectConfigurationPlatforms) = postSolution
		{5EDF0BAE-FC04-483F-89C3-C7349CF50EFE}.Debug|Any CPU.ActiveCfg = Debug|Any CPU
		{5EDF0BAE-FC04-483F-89C3-C7349CF50EFE}.Debug|Any CPU.Build.0 = Debug|Any CPU
		{5EDF0BAE-FC04-483F-89C3-C7349CF50EFE}.Release|Any CPU.ActiveCfg = Release|Any CPU
		{5EDF0BAE-FC04-483F-89C3-C7349CF50EFE}.Release|Any CPU.Build.0 = Release|Any CPU
	EndGlobalSection
	GlobalSection(SolutionProperties) = preSolution
		HideSolutionNode = FALSE
	EndGlobalSection
	GlobalSection(ExtensibilityGlobals) = postSolution
		SolutionGuid = {DF092BFA-1E1E-4052-A122-B353D59C444E}
	EndGlobalSection
EndGlobal
